
Microsoft Visual Studio Solution File, Format Version 12.00
# Visual Studio 14
VisualStudioVersion = 14.0.22310.1
MinimumVisualStudioVersion = 10.0.40219.1
Project("{FAE04EC0-301F-11D3-BF4B-00C04F79EFBC}") = "ADO.NET.Extensions", "ADO.NET.Extensions.csproj", "{53E6B561-679E-4363-8B26-45A1BEEE0D1D}"
EndProject
Global
	GlobalSection(SolutionConfigurationPlatforms) = preSolution
		Debug|Any CPU = Debug|Any CPU
		Release|Any CPU = Release|Any CPU
	EndGlobalSection
	GlobalSection(ProjectConfigurationPlatforms) = postSolution
		{53E6B561-679E-4363-8B26-45A1BEEE0D1D}.Debug|Any CPU.ActiveCfg = Debug|Any CPU
		{53E6B561-679E-4363-8B26-45A1BEEE0D1D}.Debug|Any CPU.Build.0 = Debug|Any CPU
		{53E6B561-679E-4363-8B26-45A1BEEE0D1D}.Release|Any CPU.ActiveCfg = Release|Any CPU
		{53E6B561-679E-4363-8B26-45A1BEEE0D1D}.Release|Any CPU.Build.0 = Release|Any CPU
	EndGlobalSection
	GlobalSection(SolutionProperties) = preSolution
		HideSolutionNode = FALSE
	EndGlobalSection
EndGlobal
